{
  "version": "5",
  "remote": {
    "https://esm.sh/@supabase/supabase-js@2.45.4": "1108d69216995335d057dbd15907caaf514a4d1ef082f097050573b9d589a57c"
  },
  "workspace": {
    "packageJson": {
      "dependencies": [
        "npm:@vitejs/plugin-react@^4.3.1",
        "npm:react-dom@^18.3.1",
        "npm:react-router-dom@^6.26.0",
        "npm:react@^18.3.1",
        "npm:vite@^5.4.0",
        "npm:xlsx@~0.18.5"
      ]
    }
  }
}
